{
    "_readme": [
        "This file locks the dependencies of your project to a known state",
        "Read more about it at https://getcomposer.org/doc/01-basic-usage.md#composer-lock-the-lock-file",
        "This file is @generated automatically"
    ],
    "hash": "fcbeedee98ae24e175210ba0b70d6c00",
    "content-hash": "dd3ea7944160bd2c2b244fdf8f984921",
    "packages": [
        {
            "name": "mrohnstock/cookieconsent2",
            "version": "1.0.10",
            "source": {
                "type": "git",
                "url": "https://github.com/mrohnstock/cookieconsent2.git",
                "reference": "c89848e8ecccd1cd3240e4a205331e377cff9cbe"
            },
            "dist": {
                "type": "zip",
                "url": "https://api.github.com/repos/mrohnstock/cookieconsent2/zipball/c89848e8ecccd1cd3240e4a205331e377cff9cbe",
                "reference": "c89848e8ecccd1cd3240e4a205331e377cff9cbe",
                "shasum": ""
            },
            "type": "component",
            "extra": {
                "component": {
                    "scripts": [
                        "js/cookieconsent.min.js"
                    ],
                    "files": [
                        "js/cookieconsent.min.js",
                        "css/logo.png",
                        "css/*.css"
                    ]
                }
            },
            "notification-url": "https://packagist.org/downloads/",
            "license": [
                "MIT"
            ],
            "description": "Silktide's cookie consent plugin v2",
            "homepage": "https://github.com/silktide/cookieconsent2",
            "keywords": [
                "cookie",
                "cookieconsent",
                "law"
            ],
            "time": "2016-04-06 10:11:00"
        }
    ],
    "packages-dev": [],
    "aliases": [],
    "minimum-stability": "stable",
    "stability-flags": [],
    "prefer-stable": false,
    "prefer-lowest": false,
    "platform": [],
    "platform-dev": []
}
