uuid: 0bec7183-6b20-4106-8853-80813d2e9aa0
langcode: en
status: true
dependencies:
  config:
    - views.view.google_analytics_summary
  module:
    - views
  theme:
    - uhsg_theme
id: views_block__google_analytics_summary_top_searches_block
theme: uhsg_theme
region: after_content
weight: -6
provider: null
plugin: 'views_block:google_analytics_summary-top_searches_block'
settings:
  id: 'views_block:google_analytics_summary-top_searches_block'
  label: 'Top content'
  provider: views
  label_display: visible
  views_label: 'Top content'
  items_per_page: '5'
visibility: {  }
